
Microsoft Visual Studio Solution File, Format Version 12.00
# Visual Studio 15
VisualStudioVersion = 15.0.28307.421
MinimumVisualStudioVersion = 10.0.40219.1
Project("{FAE04EC0-301F-11D3-BF4B-00C04F79EFBC}") = "Hello", "cSharpCourse\Hello.csproj", "{AF320300-ED7E-441B-99EB-B653DD1D43E7}"
EndProject
Project("{FAE04EC0-301F-11D3-BF4B-00C04F79EFBC}") = "Student diary", "Student diary\Student diary.csproj", "{7E5189B1-934A-4D42-A537-06DE674657B9}"
EndProject
Project("{FAE04EC0-301F-11D3-BF4B-00C04F79EFBC}") = "Kurs", "Kurs\Kurs.csproj", "{284BB9B2-AA82-4A7B-B406-C214E8741CFD}"
EndProject
Global
	GlobalSection(SolutionConfigurationPlatforms) = preSolution
		Debug|Any CPU = Debug|Any CPU
		Release|Any CPU = Release|Any CPU
	EndGlobalSection
	GlobalSection(ProjectConfigurationPlatforms) = postSolution
		{AF320300-ED7E-441B-99EB-B653DD1D43E7}.Debug|Any CPU.ActiveCfg = Debug|Any CPU
		{AF320300-ED7E-441B-99EB-B653DD1D43E7}.Debug|Any CPU.Build.0 = Debug|Any CPU
		{AF320300-ED7E-441B-99EB-B653DD1D43E7}.Release|Any CPU.ActiveCfg = Release|Any CPU
		{AF320300-ED7E-441B-99EB-B653DD1D43E7}.Release|Any CPU.Build.0 = Release|Any CPU
		{7E5189B1-934A-4D42-A537-06DE674657B9}.Debug|Any CPU.ActiveCfg = Debug|Any CPU
		{7E5189B1-934A-4D42-A537-06DE674657B9}.Debug|Any CPU.Build.0 = Debug|Any CPU
		{7E5189B1-934A-4D42-A537-06DE674657B9}.Release|Any CPU.ActiveCfg = Release|Any CPU
		{7E5189B1-934A-4D42-A537-06DE674657B9}.Release|Any CPU.Build.0 = Release|Any CPU
		{284BB9B2-AA82-4A7B-B406-C214E8741CFD}.Debug|Any CPU.ActiveCfg = Debug|Any CPU
		{284BB9B2-AA82-4A7B-B406-C214E8741CFD}.Debug|Any CPU.Build.0 = Debug|Any CPU
		{284BB9B2-AA82-4A7B-B406-C214E8741CFD}.Release|Any CPU.ActiveCfg = Release|Any CPU
		{284BB9B2-AA82-4A7B-B406-C214E8741CFD}.Release|Any CPU.Build.0 = Release|Any CPU
	EndGlobalSection
	GlobalSection(SolutionProperties) = preSolution
		HideSolutionNode = FALSE
	EndGlobalSection
	GlobalSection(ExtensibilityGlobals) = postSolution
		SolutionGuid = {72344ABE-F2BF-4A7A-B7D8-18789BE2C3CD}
	EndGlobalSection
EndGlobal
